
Microsoft Visual Studio Solution File, Format Version 12.00
# Visual Studio Version 17
VisualStudioVersion = 17.6.33723.286
MinimumVisualStudioVersion = 10.0.40219.1
Project("{FAE04EC0-301F-11D3-BF4B-00C04F79EFBC}") = "App2.Android", "App2\App2.Android\App2.Android.csproj", "{A0C03077-2C98-4AE3-A26F-D9C98B4BE585}"
EndProject
Project("{FAE04EC0-301F-11D3-BF4B-00C04F79EFBC}") = "App2", "App2\App2\App2.csproj", "{00CAD6B2-316B-4BE8-B05C-AF6A2B11A318}"
EndProject
Global
	GlobalSection(SolutionConfigurationPlatforms) = preSolution
		Debug|Any CPU = Debug|Any CPU
		Release|Any CPU = Release|Any CPU
	EndGlobalSection
	GlobalSection(ProjectConfigurationPlatforms) = postSolution
		{A0C03077-2C98-4AE3-A26F-D9C98B4BE585}.Debug|Any CPU.ActiveCfg = Debug|Any CPU
		{A0C03077-2C98-4AE3-A26F-D9C98B4BE585}.Debug|Any CPU.Build.0 = Debug|Any CPU
		{A0C03077-2C98-4AE3-A26F-D9C98B4BE585}.Debug|Any CPU.Deploy.0 = Debug|Any CPU
		{A0C03077-2C98-4AE3-A26F-D9C98B4BE585}.Release|Any CPU.ActiveCfg = Release|Any CPU
		{A0C03077-2C98-4AE3-A26F-D9C98B4BE585}.Release|Any CPU.Build.0 = Release|Any CPU
		{A0C03077-2C98-4AE3-A26F-D9C98B4BE585}.Release|Any CPU.Deploy.0 = Release|Any CPU
		{00CAD6B2-316B-4BE8-B05C-AF6A2B11A318}.Debug|Any CPU.ActiveCfg = Debug|Any CPU
		{00CAD6B2-316B-4BE8-B05C-AF6A2B11A318}.Debug|Any CPU.Build.0 = Debug|Any CPU
		{00CAD6B2-316B-4BE8-B05C-AF6A2B11A318}.Debug|Any CPU.Deploy.0 = Debug|Any CPU
		{00CAD6B2-316B-4BE8-B05C-AF6A2B11A318}.Release|Any CPU.ActiveCfg = Release|Any CPU
		{00CAD6B2-316B-4BE8-B05C-AF6A2B11A318}.Release|Any CPU.Build.0 = Release|Any CPU
		{00CAD6B2-316B-4BE8-B05C-AF6A2B11A318}.Release|Any CPU.Deploy.0 = Release|Any CPU
	EndGlobalSection
	GlobalSection(SolutionProperties) = preSolution
		HideSolutionNode = FALSE
	EndGlobalSection
	GlobalSection(ExtensibilityGlobals) = postSolution
		SolutionGuid = {11278C2F-0D5F-49BB-8B24-5504B87F2567}
	EndGlobalSection
EndGlobal
